
Microsoft Visual Studio Solution File, Format Version 12.00
# Visual Studio Version 17
VisualStudioVersion = 17.2.32602.215
MinimumVisualStudioVersion = 10.0.40219.1
Project("{8BC9CEB8-8B4A-11D0-8D11-00A0C91BC942}") = "w1p1", "w1p1.vcxproj", "{611657A2-9A80-42F5-BE8B-1AB8A1DEBC5C}"
EndProject
Global
	GlobalSection(SolutionConfigurationPlatforms) = preSolution
		Debug|x64 = Debug|x64
		Debug|x86 = Debug|x86
		Release|x64 = Release|x64
		Release|x86 = Release|x86
	EndGlobalSection
	GlobalSection(ProjectConfigurationPlatforms) = postSolution
		{611657A2-9A80-42F5-BE8B-1AB8A1DEBC5C}.Debug|x64.ActiveCfg = Debug|x64
		{611657A2-9A80-42F5-BE8B-1AB8A1DEBC5C}.Debug|x64.Build.0 = Debug|x64
		{611657A2-9A80-42F5-BE8B-1AB8A1DEBC5C}.Debug|x86.ActiveCfg = Debug|Win32
		{611657A2-9A80-42F5-BE8B-1AB8A1DEBC5C}.Debug|x86.Build.0 = Debug|Win32
		{611657A2-9A80-42F5-BE8B-1AB8A1DEBC5C}.Release|x64.ActiveCfg = Release|x64
		{611657A2-9A80-42F5-BE8B-1AB8A1DEBC5C}.Release|x64.Build.0 = Release|x64
		{611657A2-9A80-42F5-BE8B-1AB8A1DEBC5C}.Release|x86.ActiveCfg = Release|Win32
		{611657A2-9A80-42F5-BE8B-1AB8A1DEBC5C}.Release|x86.Build.0 = Release|Win32
	EndGlobalSection
	GlobalSection(SolutionProperties) = preSolution
		HideSolutionNode = FALSE
	EndGlobalSection
	GlobalSection(ExtensibilityGlobals) = postSolution
		SolutionGuid = {15CE10AC-C791-4553-A4CA-DDD1BEA2A352}
	EndGlobalSection
EndGlobal
